<?xml version="1.0" encoding="UTF-8"?>
<Scheme
   LastUpgradeVersion = "0610"
   version = "1.3">
   <BuildAction
      parallelizeBuildables = "YES"
      buildImplicitDependencies = "YES">
      <BuildActionEntries>
         <BuildActionEntry
            buildForTesting = "YES"
            buildForRunning = "YES"
            buildForProfiling = "YES"
            buildForArchiving = "YES"
            buildForAnalyzing = "YES">
            <BuildableReference
               BuildableIdentifier = "primary"
               BlueprintIdentifier = "3DE1A9801A82665D007F4626"
               BuildableName = "FrameworkTestApp.app"
               BlueprintName = "FrameworkTestApp"
               ReferencedContainer = "container:FrameworkTestApp.xcodeproj">
            </BuildableReference>
         </BuildActionEntry>
         <BuildActionEntry
            buildForTesting = "YES"
            buildForRunning = "YES"
            buildForProfiling = "NO"
            buildForArchiving = "NO"
            buildForAnalyzing = "YES">
            <BuildableReference
               BuildableIdentifier = "primary"
               BlueprintIdentifier = "3DE1A9991A82665D007F4626"
               BuildableName = "FrameworkTestAppTests.xctest"
               BlueprintName = "FrameworkTestAppTests"
               ReferencedContainer = "container:FrameworkTestApp.xcodeproj">
            </BuildableReference>
         </BuildActionEntry>
         <BuildActionEntry
            buildForTesting = "YES"
            buildForRunning = "YES"
            buildForProfiling = "NO"
            buildForArchiving = "NO"
            buildForAnalyzing = "YES">
            <BuildableReference
               BuildableIdentifier = "primary"
               BlueprintIdentifier = "3D53FDEF1A826D95001E22F3"
               BuildableName = "FrameworkTestAppKitTests.xctest"
               BlueprintName = "FrameworkTestAppKitTests"
               ReferencedContainer = "container:FrameworkTestApp.xcodeproj">
            </BuildableReference>
         </BuildActionEntry>
      </BuildActionEntries>
   </BuildAction>
   <TestAction
      selectedDebuggerIdentifier = "Xcode.DebuggerFoundation.Debugger.LLDB"
      selectedLauncherIdentifier = "Xcode.DebuggerFoundation.Launcher.LLDB"
      shouldUseLaunchSchemeArgsEnv = "YES"
      buildConfiguration = "Debug">
      <Testables>
         <TestableReference
            skipped = "NO">
            <BuildableReference
               BuildableIdentifier = "primary"
               BlueprintIdentifier = "3DE1A9991A82665D007F4626"
               BuildableName = "FrameworkTestAppTests.xctest"
               BlueprintName = "FrameworkTestAppTests"
               ReferencedContainer = "container:FrameworkTestApp.xcodeproj">
            </BuildableReference>
         </TestableReference>
         <TestableReference
            skipped = "NO">
            <BuildableReference
               BuildableIdentifier = "primary"
               BlueprintIdentifier = "3D53FDEF1A826D95001E22F3"
               BuildableName = "FrameworkTestAppKitTests.xctest"
               BlueprintName = "FrameworkTestAppKitTests"
               ReferencedContainer = "container:FrameworkTestApp.xcodeproj">
            </BuildableReference>
         </TestableReference>
      </Testables>
      <MacroExpansion>
         <BuildableReference
            BuildableIdentifier = "primary"
            BlueprintIdentifier = "3DE1A9801A82665D007F4626"
            BuildableName = "FrameworkTestApp.app"
            BlueprintName = "FrameworkTestApp"
            ReferencedContainer = "container:FrameworkTestApp.xcodeproj">
         </BuildableReference>
      </MacroExpansion>
   </TestAction>
   <LaunchAction
      selectedDebuggerIdentifier = "Xcode.DebuggerFoundation.Debugger.LLDB"
      selectedLauncherIdentifier = "Xcode.DebuggerFoundation.Launcher.LLDB"
      launchStyle = "0"
      useCustomWorkingDirectory = "NO"
      buildConfiguration = "Debug"
      ignoresPersistentStateOnLaunch = "NO"
      debugDocumentVersioning = "YES"
      allowLocationSimulation = "YES">
      <BuildableProductRunnable
         runnableDebuggingMode = "0">
         <BuildableReference
            BuildableIdentifier = "primary"
            BlueprintIdentifier = "3DE1A9801A82665D007F4626"
            BuildableName = "FrameworkTestApp.app"
            BlueprintName = "FrameworkTestApp"
            ReferencedContainer = "container:FrameworkTestApp.xcodeproj">
         </BuildableReference>
      </BuildableProductRunnable>
      <AdditionalOptions>
      </AdditionalOptions>
   </LaunchAction>
   <ProfileAction
      shouldUseLaunchSchemeArgsEnv = "YES"
      savedToolIdentifier = ""
      useCustomWorkingDirectory = "NO"
      buildConfiguration = "Release"
      debugDocumentVersioning = "YES">
      <BuildableProductRunnable
         runnableDebuggingMode = "0">
         <BuildableReference
            BuildableIdentifier = "primary"
            BlueprintIdentifier = "3DE1A9801A82665D007F4626"
            BuildableName = "FrameworkTestApp.app"
            BlueprintName = "FrameworkTestApp"
            ReferencedContainer = "container:FrameworkTestApp.xcodeproj">
         </BuildableReference>
      </BuildableProductRunnable>
   </ProfileAction>
   <AnalyzeAction
      buildConfiguration = "Debug">
   </AnalyzeAction>
   <ArchiveAction
      buildConfiguration = "Release"
      revealArchiveInOrganizer = "YES">
   </ArchiveAction>
</Scheme>
